// !$*UTF8*$!
{
	archiveVersion = 1;
	classes = {
	};
	objectVersion = 46;
	objects = {

/* Begin PBXBuildFile section */
		5B6DBE751C590A4B00BD40C7 /* AppDelegate.swift in Sources */ = {isa = PBXBuildFile; fileRef = 5B6DBE741C590A4B00BD40C7 /* AppDelegate.swift */; };
		5B6DBE771C590A4B00BD40C7 /* ViewController.swift in Sources */ = {isa = PBXBuildFile; fileRef = 5B6DBE761C590A4B00BD40C7 /* ViewController.swift */; };
		5B6DBE7A1C590A4B00BD40C7 /* Main.storyboard in Resources */ = {isa = PBXBuildFile; fileRef = 5B6DBE781C590A4B00BD40C7 /* Main.storyboard */; };
		5B6DBE7C1C590A4B00BD40C7 /* Assets.xcassets in Resources */ = {isa = PBXBuildFile; fileRef = 5B6DBE7B1C590A4B00BD40C7 /* Assets.xcassets */; };
		5B6DBE7F1C590A4B00BD40C7 /* LaunchScreen.storyboard in Resources */ = {isa = PBXBuildFile; fileRef = 5B6DBE7D1C590A4B00BD40C7 /* LaunchScreen.storyboard */; };
		5B6DBE8A1C590A4B00BD40C7 /* calculator_testTests.swift in Sources */ = {isa = PBXBuildFile; fileRef = 5B6DBE891C590A4B00BD40C7 /* calculator_testTests.swift */; };
		5B6DBE951C590A4B00BD40C7 /* calculator_testUITests.swift in Sources */ = {isa = PBXBuildFile; fileRef = 5B6DBE941C590A4B00BD40C7 /* calculator_testUITests.swift */; };
/* End PBXBuildFile section */

/* Begin PBXContainerItemProxy section */
		5B6DBE861C590A4B00BD40C7 /* PBXContainerItemProxy */ = {
			isa = PBXContainerItemProxy;
			containerPortal = 5B6DBE691C590A4B00BD40C7 /* Project object */;
			proxyType = 1;
			remoteGlobalIDString = 5B6DBE701C590A4B00BD40C7;
			remoteInfo = "calculator test";
		};
		5B6DBE911C590A4B00BD40C7 /* PBXContainerItemProxy */ = {
			isa = PBXContainerItemProxy;
			containerPortal = 5B6DBE691C590A4B00BD40C7 /* Project object */;
			proxyType = 1;
			remoteGlobalIDString = 5B6DBE701C590A4B00BD40C7;
			remoteInfo = "calculator test";
		};
/* End PBXContainerItemProxy section */

/* Begin PBXFileReference section */
		5B6DBE711C590A4B00BD40C7 /* calculator test.app */ = {isa = PBXFileReference; explicitFileType = wrapper.application; includeInIndex = 0; path = "calculator test.app"; sourceTree = BUILT_PRODUCTS_DIR; };
		5B6DBE741C590A4B00BD40C7 /* AppDelegate.swift */ = {isa = PBXFileReference; lastKnownFileType = sourcecode.swift; path = AppDelegate.swift; sourceTree = "<group>"; };
		5B6DBE761C590A4B00BD40C7 /* ViewController.swift */ = {isa = PBXFileReference; lastKnownFileType = sourcecode.swift; path = ViewController.swift; sourceTree = "<group>"; };
		5B6DBE791C590A4B00BD40C7 /* Base */ = {isa = PBXFileReference; lastKnownFileType = file.storyboard; name = Base; path = Base.lproj/Main.storyboard; sourceTree = "<group>"; };
		5B6DBE7B1C590A4B00BD40C7 /* Assets.xcassets */ = {isa = PBXFileReference; lastKnownFileType = folder.assetcatalog; path = Assets.xcassets; sourceTree = "<group>"; };
		5B6DBE7E1C590A4B00BD40C7 /* Base */ = {isa = PBXFileReference; lastKnownFileType = file.storyboard; name = Base; path = Base.lproj/LaunchScreen.storyboard; sourceTree = "<group>"; };
		5B6DBE801C590A4B00BD40C7 /* Info.plist */ = {isa = PBXFileReference; lastKnownFileType = text.plist.xml; path = Info.plist; sourceTree = "<group>"; };
		5B6DBE851C590A4B00BD40C7 /* calculator testTests.xctest */ = {isa = PBXFileReference; explicitFileType = wrapper.cfbundle; includeInIndex = 0; path = "calculator testTests.xctest"; sourceTree = BUILT_PRODUCTS_DIR; };
		5B6DBE891C590A4B00BD40C7 /* calculator_testTests.swift */ = {isa = PBXFileReference; lastKnownFileType = sourcecode.swift; path = calculator_testTests.swift; sourceTree = "<group>"; };
		5B6DBE8B1C590A4B00BD40C7 /* Info.plist */ = {isa = PBXFileReference; lastKnownFileType = text.plist.xml; path = Info.plist; sourceTree = "<group>"; };
		5B6DBE901C590A4B00BD40C7 /* calculator testUITests.xctest */ = {isa = PBXFileReference; explicitFileType = wrapper.cfbundle; includeInIndex = 0; path = "calculator testUITests.xctest"; sourceTree = BUILT_PRODUCTS_DIR; };
		5B6DBE941C590A4B00BD40C7 /* calculator_testUITests.swift */ = {isa = PBXFileReference; lastKnownFileType = sourcecode.swift; path = calculator_testUITests.swift; sourceTree = "<group>"; };
		5B6DBE961C590A4B00BD40C7 /* Info.plist */ = {isa = PBXFileReference; lastKnownFileType = text.plist.xml; path = Info.plist; sourceTree = "<group>"; };
/* End PBXFileReference section */

/* Begin PBXFrameworksBuildPhase section */
		5B6DBE6E1C590A4B00BD40C7 /* Frameworks */ = {
			isa = PBXFrameworksBuildPhase;
			buildActionMask = 2147483647;
			files = (
			);
			runOnlyForDeploymentPostprocessing = 0;
		};
		5B6DBE821C590A4B00BD40C7 /* Frameworks */ = {
			isa = PBXFrameworksBuildPhase;
			buildActionMask = 2147483647;
			files = (
			);
			runOnlyForDeploymentPostprocessing = 0;
		};
		5B6DBE8D1C590A4B00BD40C7 /* Frameworks */ = {
			isa = PBXFrameworksBuildPhase;
			buildActionMask = 2147483647;
			files = (
			);
			runOnlyForDeploymentPostprocessing = 0;
		};
/* End PBXFrameworksBuildPhase section */

/* Begin PBXGroup section */
		5B6DBE681C590A4B00BD40C7 = {
			isa = PBXGroup;
			children = (
				5B6DBE731C590A4B00BD40C7 /* calculator test */,
				5B6DBE881C590A4B00BD40C7 /* calculator testTests */,
				5B6DBE931C590A4B00BD40C7 /* calculator testUITests */,
				5B6DBE721C590A4B00BD40C7 /* Products */,
			);
			sourceTree = "<group>";
		};
		5B6DBE721C590A4B00BD40C7 /* Products */ = {
			isa = PBXGroup;
			children = (
				5B6DBE711C590A4B00BD40C7 /* calculator test.app */,
				5B6DBE851C590A4B00BD40C7 /* calculator testTests.xctest */,
				5B6DBE901C590A4B00BD40C7 /* calculator testUITests.xctest */,
			);
			name = Products;
			sourceTree = "<group>";
		};
		5B6DBE731C590A4B00BD40C7 /* calculator test */ = {
			isa = PBXGroup;
			children = (
				5B6DBE741C590A4B00BD40C7 /* AppDelegate.swift */,
				5B6DBE761C590A4B00BD40C7 /* ViewController.swift */,
				5B6DBE781C590A4B00BD40C7 /* Main.storyboard */,
				5B6DBE7B1C590A4B00BD40C7 /* Assets.xcassets */,
				5B6DBE7D1C590A4B00BD40C7 /* LaunchScreen.storyboard */,
				5B6DBE801C590A4B00BD40C7 /* Info.plist */,
			);
			path = "calculator test";
			sourceTree = "<group>";
		};
		5B6DBE881C590A4B00BD40C7 /* calculator testTests */ = {
			isa = PBXGroup;
			children = (
				5B6DBE891C590A4B00BD40C7 /* calculator_testTests.swift */,
				5B6DBE8B1C590A4B00BD40C7 /* Info.plist */,
			);
			path = "calculator testTests";
			sourceTree = "<group>";
		};
		5B6DBE931C590A4B00BD40C7 /* calculator testUITests */ = {
			isa = PBXGroup;
			children = (
				5B6DBE941C590A4B00BD40C7 /* calculator_testUITests.swift */,
				5B6DBE961C590A4B00BD40C7 /* Info.plist */,
			);
			path = "calculator testUITests";
			sourceTree = "<group>";
		};
/* End PBXGroup section */

/* Begin PBXNativeTarget section */
		5B6DBE701C590A4B00BD40C7 /* calculator test */ = {
			isa = PBXNativeTarget;
			buildConfigurationList = 5B6DBE991C590A4B00BD40C7 /* Build configuration list for PBXNativeTarget "calculator test" */;
			buildPhases = (
				5B6DBE6D1C590A4B00BD40C7 /* Sources */,
				5B6DBE6E1C590A4B00BD40C7 /* Frameworks */,
				5B6DBE6F1C590A4B00BD40C7 /* Resources */,
			);
			buildRules = (
			);
			dependencies = (
			);
			name = "calculator test";
			productName = "calculator test";
			productReference = 5B6DBE711C590A4B00BD40C7 /* calculator test.app */;
			productType = "com.apple.product-type.application";
		};
		5B6DBE841C590A4B00BD40C7 /* calculator testTests */ = {
			isa = PBXNativeTarget;
			buildConfigurationList = 5B6DBE9C1C590A4B00BD40C7 /* Build configuration list for PBXNativeTarget "calculator testTests" */;
			buildPhases = (
				5B6DBE811C590A4B00BD40C7 /* Sources */,
				5B6DBE821C590A4B00BD40C7 /* Frameworks */,
				5B6DBE831C590A4B00BD40C7 /* Resources */,
			);
			buildRules = (
			);
			dependencies = (
				5B6DBE871C590A4B00BD40C7 /* PBXTargetDependency */,
			);
			name = "calculator testTests";
			productName = "calculator testTests";
			productReference = 5B6DBE851C590A4B00BD40C7 /* calculator testTests.xctest */;
			productType = "com.apple.product-type.bundle.unit-test";
		};
		5B6DBE8F1C590A4B00BD40C7 /* calculator testUITests */ = {
			isa = PBXNativeTarget;
			buildConfigurationList = 5B6DBE9F1C590A4B00BD40C7 /* Build configuration list for PBXNativeTarget "calculator testUITests" */;
			buildPhases = (
				5B6DBE8C1C590A4B00BD40C7 /* Sources */,
				5B6DBE8D1C590A4B00BD40C7 /* Frameworks */,
				5B6DBE8E1C590A4B00BD40C7 /* Resources */,
			);
			buildRules = (
			);
			dependencies = (
				5B6DBE921C590A4B00BD40C7 /* PBXTargetDependency */,
			);
			name = "calculator testUITests";
			productName = "calculator testUITests";
			productReference = 5B6DBE901C590A4B00BD40C7 /* calculator testUITests.xctest */;
			productType = "com.apple.product-type.bundle.ui-testing";
		};
/* End PBXNativeTarget section */

/* Begin PBXProject section */
		5B6DBE691C590A4B00BD40C7 /* Project object */ = {
			isa = PBXProject;
			attributes = {
				KnownAssetTags = (
					clear,
				);
				LastSwiftUpdateCheck = 0720;
				LastUpgradeCheck = 0720;
				ORGANIZATIONNAME = "Edouard Long";
				TargetAttributes = {
					5B6DBE701C590A4B00BD40C7 = {
						CreatedOnToolsVersion = 7.2;
					};
					5B6DBE841C590A4B00BD40C7 = {
						CreatedOnToolsVersion = 7.2;
						TestTargetID = 5B6DBE701C590A4B00BD40C7;
					};
					5B6DBE8F1C590A4B00BD40C7 = {
						CreatedOnToolsVersion = 7.2;
						TestTargetID = 5B6DBE701C590A4B00BD40C7;
					};
				};
			};
			buildConfigurationList = 5B6DBE6C1C590A4B00BD40C7 /* Build configuration list for PBXProject "calculator test" */;
			compatibilityVersion = "Xcode 3.2";
			developmentRegion = English;
			hasScannedForEncodings = 0;
			knownRegions = (
				en,
				Base,
			);
			mainGroup = 5B6DBE681C590A4B00BD40C7;
			productRefGroup = 5B6DBE721C590A4B00BD40C7 /* Products */;
			projectDirPath = "";
			projectRoot = "";
			targets = (
				5B6DBE701C590A4B00BD40C7 /* calculator test */,
				5B6DBE841C590A4B00BD40C7 /* calculator testTests */,
				5B6DBE8F1C590A4B00BD40C7 /* calculator testUITests */,
			);
		};
/* End PBXProject section */

/* Begin PBXResourcesBuildPhase section */
		5B6DBE6F1C590A4B00BD40C7 /* Resources */ = {
			isa = PBXResourcesBuildPhase;
			buildActionMask = 2147483647;
			files = (
				5B6DBE7F1C590A4B00BD40C7 /* LaunchScreen.storyboard in Resources */,
				5B6DBE7C1C590A4B00BD40C7 /* Assets.xcassets in Resources */,
				5B6DBE7A1C590A4B00BD40C7 /* Main.storyboard in Resources */,
			);
			runOnlyForDeploymentPostprocessing = 0;
		};
		5B6DBE831C590A4B00BD40C7 /* Resources */ = {
			isa = PBXResourcesBuildPhase;
			buildActionMask = 2147483647;
			files = (
			);
			runOnlyForDeploymentPostprocessing = 0;
		};
		5B6DBE8E1C590A4B00BD40C7 /* Resources */ = {
			isa = PBXResourcesBuildPhase;
			buildActionMask = 2147483647;
			files = (
			);
			runOnlyForDeploymentPostprocessing = 0;
		};
/* End PBXResourcesBuildPhase section */

/* Begin PBXSourcesBuildPhase section */
		5B6DBE6D1C590A4B00BD40C7 /* Sources */ = {
			isa = PBXSourcesBuildPhase;
			buildActionMask = 2147483647;
			files = (
				5B6DBE771C590A4B00BD40C7 /* ViewController.swift in Sources */,
				5B6DBE751C590A4B00BD40C7 /* AppDelegate.swift in Sources */,
			);
			runOnlyForDeploymentPostprocessing = 0;
		};
		5B6DBE811C590A4B00BD40C7 /* Sources */ = {
			isa = PBXSourcesBuildPhase;
			buildActionMask = 2147483647;
			files = (
				5B6DBE8A1C590A4B00BD40C7 /* calculator_testTests.swift in Sources */,
			);
			runOnlyForDeploymentPostprocessing = 0;
		};
		5B6DBE8C1C590A4B00BD40C7 /* Sources */ = {
			isa = PBXSourcesBuildPhase;
			buildActionMask = 2147483647;
			files = (
				5B6DBE951C590A4B00BD40C7 /* calculator_testUITests.swift in Sources */,
			);
			runOnlyForDeploymentPostprocessing = 0;
		};
/* End PBXSourcesBuildPhase section */

/* Begin PBXTargetDependency section */
		5B6DBE871C590A4B00BD40C7 /* PBXTargetDependency */ = {
			isa = PBXTargetDependency;
			target = 5B6DBE701C590A4B00BD40C7 /* calculator test */;
			targetProxy = 5B6DBE861C590A4B00BD40C7 /* PBXContainerItemProxy */;
		};
		5B6DBE921C590A4B00BD40C7 /* PBXTargetDependency */ = {
			isa = PBXTargetDependency;
			target = 5B6DBE701C590A4B00BD40C7 /* calculator test */;
			targetProxy = 5B6DBE911C590A4B00BD40C7 /* PBXContainerItemProxy */;
		};
/* End PBXTargetDependency section */

/* Begin PBXVariantGroup section */
		5B6DBE781C590A4B00BD40C7 /* Main.storyboard */ = {
			isa = PBXVariantGroup;
			children = (
				5B6DBE791C590A4B00BD40C7 /* Base */,
			);
			name = Main.storyboard;
			sourceTree = "<group>";
		};
		5B6DBE7D1C590A4B00BD40C7 /* LaunchScreen.storyboard */ = {
			isa = PBXVariantGroup;
			children = (
				5B6DBE7E1C590A4B00BD40C7 /* Base */,
			);
			name = LaunchScreen.storyboard;
			sourceTree = "<group>";
		};
/* End PBXVariantGroup section */

/* Begin XCBuildConfiguration section */
		5B6DBE971C590A4B00BD40C7 /* Debug */ = {
			isa = XCBuildConfiguration;
			buildSettings = {
				ALWAYS_SEARCH_USER_PATHS = NO;
				CLANG_CXX_LANGUAGE_STANDARD = "gnu++0x";
				CLANG_CXX_LIBRARY = "libc++";
				CLANG_ENABLE_MODULES = YES;
				CLANG_ENABLE_OBJC_ARC = YES;
				CLANG_WARN_BOOL_CONVERSION = YES;
				CLANG_WARN_CONSTANT_CONVERSION = YES;
				CLANG_WARN_DIRECT_OBJC_ISA_USAGE = YES_ERROR;
				CLANG_WARN_EMPTY_BODY = YES;
				CLANG_WARN_ENUM_CONVERSION = YES;
				CLANG_WARN_INT_CONVERSION = YES;
				CLANG_WARN_OBJC_ROOT_CLASS = YES_ERROR;
				CLANG_WARN_UNREACHABLE_CODE = YES;
				CLANG_WARN__DUPLICATE_METHOD_MATCH = YES;
				"CODE_SIGN_IDENTITY[sdk=iphoneos*]" = "iPhone Developer";
				COPY_PHASE_STRIP = NO;
				DEBUG_INFORMATION_FORMAT = dwarf;
				ENABLE_STRICT_OBJC_MSGSEND = YES;
				ENABLE_TESTABILITY = YES;
				GCC_C_LANGUAGE_STANDARD = gnu99;
				GCC_DYNAMIC_NO_PIC = NO;
				GCC_NO_COMMON_BLOCKS = YES;
				GCC_OPTIMIZATION_LEVEL = 0;
				GCC_PREPROCESSOR_DEFINITIONS = (
					"DEBUG=1",
					"$(inherited)",
				);
				GCC_WARN_64_TO_32_BIT_CONVERSION = YES;
				GCC_WARN_ABOUT_RETURN_TYPE = YES_ERROR;
				GCC_WARN_UNDECLARED_SELECTOR = YES;
				GCC_WARN_UNINITIALIZED_AUTOS = YES_AGGRESSIVE;
				GCC_WARN_UNUSED_FUNCTION = YES;
				GCC_WARN_UNUSED_VARIABLE = YES;
				IPHONEOS_DEPLOYMENT_TARGET = 9.2;
				MTL_ENABLE_DEBUG_INFO = YES;
				ONLY_ACTIVE_ARCH = YES;
				SDKROOT = iphoneos;
				SWIFT_OPTIMIZATION_LEVEL = "-Onone";
			};
			name = Debug;
		};
		5B6DBE981C590A4B00BD40C7 /* Release */ = {
			isa = XCBuildConfiguration;
			buildSettings = {
				ALWAYS_SEARCH_USER_PATHS = NO;
				CLANG_CXX_LANGUAGE_STANDARD = "gnu++0x";
				CLANG_CXX_LIBRARY = "libc++";
				CLANG_ENABLE_MODULES = YES;
				CLANG_ENABLE_OBJC_ARC = YES;
				CLANG_WARN_BOOL_CONVERSION = YES;
				CLANG_WARN_CONSTANT_CONVERSION = YES;
				CLANG_WARN_DIRECT_OBJC_ISA_USAGE = YES_ERROR;
				CLANG_WARN_EMPTY_BODY = YES;
				CLANG_WARN_ENUM_CONVERSION = YES;
				CLANG_WARN_INT_CONVERSION = YES;
				CLANG_WARN_OBJC_ROOT_CLASS = YES_ERROR;
				CLANG_WARN_UNREACHABLE_CODE = YES;
				CLANG_WARN__DUPLICATE_METHOD_MATCH = YES;
				"CODE_SIGN_IDENTITY[sdk=iphoneos*]" = "iPhone Developer";
				COPY_PHASE_STRIP = NO;
				DEBUG_INFORMATION_FORMAT = "dwarf-with-dsym";
				ENABLE_NS_ASSERTIONS = NO;
				ENABLE_STRICT_OBJC_MSGSEND = YES;
				GCC_C_LANGUAGE_STANDARD = gnu99;
				GCC_NO_COMMON_BLOCKS = YES;
				GCC_WARN_64_TO_32_BIT_CONVERSION = YES;
				GCC_WARN_ABOUT_RETURN_TYPE = YES_ERROR;
				GCC_WARN_UNDECLARED_SELECTOR = YES;
				GCC_WARN_UNINITIALIZED_AUTOS = YES_AGGRESSIVE;
				GCC_WARN_UNUSED_FUNCTION = YES;
				GCC_WARN_UNUSED_VARIABLE = YES;
				IPHONEOS_DEPLOYMENT_TARGET = 9.2;
				MTL_ENABLE_DEBUG_INFO = NO;
				SDKROOT = iphoneos;
				VALIDATE_PRODUCT = YES;
			};
			name = Release;
		};
		5B6DBE9A1C590A4B00BD40C7 /* Debug */ = {
			isa = XCBuildConfiguration;
			buildSettings = {
				ASSETCATALOG_COMPILER_APPICON_NAME = AppIcon;
				INFOPLIST_FILE = "calculator test/Info.plist";
				LD_RUNPATH_SEARCH_PATHS = "$(inherited) @executable_path/Frameworks";
				PRODUCT_BUNDLE_IDENTIFIER = "com.edouardlong.calculator-test";
				PRODUCT_NAME = "$(TARGET_NAME)";
			};
			name = Debug;
		};
		5B6DBE9B1C590A4B00BD40C7 /* Release */ = {
			isa = XCBuildConfiguration;
			buildSettings = {
				ASSETCATALOG_COMPILER_APPICON_NAME = AppIcon;
				INFOPLIST_FILE = "calculator test/Info.plist";
				LD_RUNPATH_SEARCH_PATHS = "$(inherited) @executable_path/Frameworks";
				PRODUCT_BUNDLE_IDENTIFIER = "com.edouardlong.calculator-test";
				PRODUCT_NAME = "$(TARGET_NAME)";
			};
			name = Release;
		};
		5B6DBE9D1C590A4B00BD40C7 /* Debug */ = {
			isa = XCBuildConfiguration;
			buildSettings = {
				BUNDLE_LOADER = "$(TEST_HOST)";
				INFOPLIST_FILE = "calculator testTests/Info.plist";
				LD_RUNPATH_SEARCH_PATHS = "$(inherited) @executable_path/Frameworks @loader_path/Frameworks";
				PRODUCT_BUNDLE_IDENTIFIER = "com.edouardlong.calculator-testTests";
				PRODUCT_NAME = "$(TARGET_NAME)";
				TEST_HOST = "$(BUILT_PRODUCTS_DIR)/calculator test.app/calculator test";
			};
			name = Debug;
		};
		5B6DBE9E1C590A4B00BD40C7 /* Release */ = {
			isa = XCBuildConfiguration;
			buildSettings = {
				BUNDLE_LOADER = "$(TEST_HOST)";
				INFOPLIST_FILE = "calculator testTests/Info.plist";
				LD_RUNPATH_SEARCH_PATHS = "$(inherited) @executable_path/Frameworks @loader_path/Frameworks";
				PRODUCT_BUNDLE_IDENTIFIER = "com.edouardlong.calculator-testTests";
				PRODUCT_NAME = "$(TARGET_NAME)";
				TEST_HOST = "$(BUILT_PRODUCTS_DIR)/calculator test.app/calculator test";
			};
			name = Release;
		};
		5B6DBEA01C590A4B00BD40C7 /* Debug */ = {
			isa = XCBuildConfiguration;
			buildSettings = {
				INFOPLIST_FILE = "calculator testUITests/Info.plist";
				LD_RUNPATH_SEARCH_PATHS = "$(inherited) @executable_path/Frameworks @loader_path/Frameworks";
				PRODUCT_BUNDLE_IDENTIFIER = "com.edouardlong.calculator-testUITests";
				PRODUCT_NAME = "$(TARGET_NAME)";
				TEST_TARGET_NAME = "calculator test";
				USES_XCTRUNNER = YES;
			};
			name = Debug;
		};
		5B6DBEA11C590A4B00BD40C7 /* Release */ = {
			isa = XCBuildConfiguration;
			buildSettings = {
				INFOPLIST_FILE = "calculator testUITests/Info.plist";
				LD_RUNPATH_SEARCH_PATHS = "$(inherited) @executable_path/Frameworks @loader_path/Frameworks";
				PRODUCT_BUNDLE_IDENTIFIER = "com.edouardlong.calculator-testUITests";
				PRODUCT_NAME = "$(TARGET_NAME)";
				TEST_TARGET_NAME = "calculator test";
				USES_XCTRUNNER = YES;
			};
			name = Release;
		};
/* End XCBuildConfiguration section */

/* Begin XCConfigurationList section */
		5B6DBE6C1C590A4B00BD40C7 /* Build configuration list for PBXProject "calculator test" */ = {
			isa = XCConfigurationList;
			buildConfigurations = (
				5B6DBE971C590A4B00BD40C7 /* Debug */,
				5B6DBE981C590A4B00BD40C7 /* Release */,
			);
			defaultConfigurationIsVisible = 0;
			defaultConfigurationName = Release;
		};
		5B6DBE991C590A4B00BD40C7 /* Build configuration list for PBXNativeTarget "calculator test" */ = {
			isa = XCConfigurationList;
			buildConfigurations = (
				5B6DBE9A1C590A4B00BD40C7 /* Debug */,
				5B6DBE9B1C590A4B00BD40C7 /* Release */,
			);
			defaultConfigurationIsVisible = 0;
		};
		5B6DBE9C1C590A4B00BD40C7 /* Build configuration list for PBXNativeTarget "calculator testTests" */ = {
			isa = XCConfigurationList;
			buildConfigurations = (
				5B6DBE9D1C590A4B00BD40C7 /* Debug */,
				5B6DBE9E1C590A4B00BD40C7 /* Release */,
			);
			defaultConfigurationIsVisible = 0;
		};
		5B6DBE9F1C590A4B00BD40C7 /* Build configuration list for PBXNativeTarget "calculator testUITests" */ = {
			isa = XCConfigurationList;
			buildConfigurations = (
				5B6DBEA01C590A4B00BD40C7 /* Debug */,
				5B6DBEA11C590A4B00BD40C7 /* Release */,
			);
			defaultConfigurationIsVisible = 0;
		};
/* End XCConfigurationList section */
	};
	rootObject = 5B6DBE691C590A4B00BD40C7 /* Project object */;
}
